
Microsoft Visual Studio Solution File, Format Version 12.00
# Visual Studio Version 17
VisualStudioVersion = 17.4.33205.214
MinimumVisualStudioVersion = 10.0.40219.1
Project("{FAE04EC0-301F-11D3-BF4B-00C04F79EFBC}") = "JsonData", "JsonData\JsonData.csproj", "{C5158D54-929F-4A4B-9688-DA258357D98A}"
EndProject
Global
	GlobalSection(SolutionConfigurationPlatforms) = preSolution
		Debug|Any CPU = Debug|Any CPU
		Release|Any CPU = Release|Any CPU
	EndGlobalSection
	GlobalSection(ProjectConfigurationPlatforms) = postSolution
		{C5158D54-929F-4A4B-9688-DA258357D98A}.Debug|Any CPU.ActiveCfg = Debug|Any CPU
		{C5158D54-929F-4A4B-9688-DA258357D98A}.Debug|Any CPU.Build.0 = Debug|Any CPU
		{C5158D54-929F-4A4B-9688-DA258357D98A}.Release|Any CPU.ActiveCfg = Release|Any CPU
		{C5158D54-929F-4A4B-9688-DA258357D98A}.Release|Any CPU.Build.0 = Release|Any CPU
	EndGlobalSection
	GlobalSection(SolutionProperties) = preSolution
		HideSolutionNode = FALSE
	EndGlobalSection
	GlobalSection(ExtensibilityGlobals) = postSolution
		SolutionGuid = {A62B2CCB-1AE2-475C-B435-4B5E7D698DFE}
	EndGlobalSection
EndGlobal
