
Microsoft Visual Studio Solution File, Format Version 12.00
# Visual Studio Version 17
VisualStudioVersion = 17.4.33205.214
MinimumVisualStudioVersion = 10.0.40219.1
Project("{FAE04EC0-301F-11D3-BF4B-00C04F79EFBC}") = "MonthlyState", "MonthlyState\MonthlyState.csproj", "{4CBF74D6-B5A9-48B0-8A74-596E64AB6A12}"
EndProject
Global
	GlobalSection(SolutionConfigurationPlatforms) = preSolution
		Debug|Any CPU = Debug|Any CPU
		Release|Any CPU = Release|Any CPU
	EndGlobalSection
	GlobalSection(ProjectConfigurationPlatforms) = postSolution
		{4CBF74D6-B5A9-48B0-8A74-596E64AB6A12}.Debug|Any CPU.ActiveCfg = Debug|Any CPU
		{4CBF74D6-B5A9-48B0-8A74-596E64AB6A12}.Debug|Any CPU.Build.0 = Debug|Any CPU
		{4CBF74D6-B5A9-48B0-8A74-596E64AB6A12}.Release|Any CPU.ActiveCfg = Release|Any CPU
		{4CBF74D6-B5A9-48B0-8A74-596E64AB6A12}.Release|Any CPU.Build.0 = Release|Any CPU
	EndGlobalSection
	GlobalSection(SolutionProperties) = preSolution
		HideSolutionNode = FALSE
	EndGlobalSection
	GlobalSection(ExtensibilityGlobals) = postSolution
		SolutionGuid = {EDFC9261-D23A-4AA0-8006-FACAD325E6CD}
	EndGlobalSection
EndGlobal
